
Microsoft Visual Studio Solution File, Format Version 12.00
# Visual Studio Version 17
VisualStudioVersion = 17.9.34728.123
MinimumVisualStudioVersion = 10.0.40219.1
Project("{9092AA53-FB77-4645-B42D-1CCCA6BD08BD}") = "ExpressApp1", "ExpressApp1\ExpressApp1.njsproj", "{F3F41050-8052-473B-9A01-62542BC38CFA}"
EndProject
Global
	GlobalSection(SolutionConfigurationPlatforms) = preSolution
		Debug|Any CPU = Debug|Any CPU
		Release|Any CPU = Release|Any CPU
	EndGlobalSection
	GlobalSection(ProjectConfigurationPlatforms) = postSolution
		{F3F41050-8052-473B-9A01-62542BC38CFA}.Debug|Any CPU.ActiveCfg = Debug|Any CPU
		{F3F41050-8052-473B-9A01-62542BC38CFA}.Debug|Any CPU.Build.0 = Debug|Any CPU
		{F3F41050-8052-473B-9A01-62542BC38CFA}.Release|Any CPU.ActiveCfg = Release|Any CPU
		{F3F41050-8052-473B-9A01-62542BC38CFA}.Release|Any CPU.Build.0 = Release|Any CPU
	EndGlobalSection
	GlobalSection(SolutionProperties) = preSolution
		HideSolutionNode = FALSE
	EndGlobalSection
	GlobalSection(ExtensibilityGlobals) = postSolution
		SolutionGuid = {6BEFAAC8-A5E4-4DF1-B06A-918DBB3DFBE2}
	EndGlobalSection
EndGlobal
